
Microsoft Visual Studio Solution File, Format Version 12.00
# Visual Studio Version 17
VisualStudioVersion = 17.10.35122.118
MinimumVisualStudioVersion = 10.0.40219.1
Project("{9A19103F-16F7-4668-BE54-9A1E7A4F7556}") = "LightningRevit_V2025", "LightningRevit_V2025\LightningRevit_V2025.csproj", "{CA195EC6-3283-4F48-B142-A6FA5FCF2997}"
EndProject
Project("{FAE04EC0-301F-11D3-BF4B-00C04F79EFBC}") = "LightningRevit_V2019", "LightningRevit_V2019\LightningRevit_V2019.csproj", "{D675EBE5-874C-4987-BE84-9600C2950584}"
EndProject
Project("{FAE04EC0-301F-11D3-BF4B-00C04F79EFBC}") = "LightningRevit_V2020", "LightningRevit_V2020\LightningRevit_V2020.csproj", "{E25064D7-785C-4378-8BD2-64960676CE37}"
EndProject
Project("{FAE04EC0-301F-11D3-BF4B-00C04F79EFBC}") = "LightningRevit_V2021", "LightningRevit_V2021\LightningRevit_V2021.csproj", "{0C291D56-E84F-4BB4-A5A5-B30071FA292D}"
EndProject
Project("{FAE04EC0-301F-11D3-BF4B-00C04F79EFBC}") = "LightningRevit_V2022", "LightningRevit_V2022\LightningRevit_V2022.csproj", "{39189CA5-F86F-4EC1-AE99-0271DB869FFA}"
EndProject
Project("{FAE04EC0-301F-11D3-BF4B-00C04F79EFBC}") = "LightningRevit_V2023", "LightningRevit_V2023\LightningRevit_V2023.csproj", "{0929E810-5601-493D-BA1C-3B8844AF00E1}"
EndProject
Project("{FAE04EC0-301F-11D3-BF4B-00C04F79EFBC}") = "LightningRevit_V2024", "LightningRevit_V2024\LightningRevit_V2024.csproj", "{F0047346-8806-491B-B63C-CC666BB2948D}"
EndProject
Project("{FAE04EC0-301F-11D3-BF4B-00C04F79EFBC}") = "LightningRevit_Install", "LightningRevit_Install\LightningRevit_Install.csproj", "{F457A4D9-07A8-4B81-BDA8-43D09BC9CD72}"
EndProject
Project("{FAE04EC0-301F-11D3-BF4B-00C04F79EFBC}") = "LightningRevit_Uninstall", "LightningRevit_Uninstall\LightningRevit_Uninstall.csproj", "{F710E56A-DA36-46C7-AFA8-B6BE90058453}"
EndProject
Project("{FAE04EC0-301F-11D3-BF4B-00C04F79EFBC}") = "Build", "Build\Build.csproj", "{1EC2E12E-72D5-4A29-B9BE-EA3DF5FBFD08}"
	ProjectSection(ProjectDependencies) = postProject
		{0929E810-5601-493D-BA1C-3B8844AF00E1} = {0929E810-5601-493D-BA1C-3B8844AF00E1}
		{0C291D56-E84F-4BB4-A5A5-B30071FA292D} = {0C291D56-E84F-4BB4-A5A5-B30071FA292D}
		{1352C26A-09A3-4F7A-B948-A497402D8D34} = {1352C26A-09A3-4F7A-B948-A497402D8D34}
		{39189CA5-F86F-4EC1-AE99-0271DB869FFA} = {39189CA5-F86F-4EC1-AE99-0271DB869FFA}
		{CA195EC6-3283-4F48-B142-A6FA5FCF2997} = {CA195EC6-3283-4F48-B142-A6FA5FCF2997}
		{D675EBE5-874C-4987-BE84-9600C2950584} = {D675EBE5-874C-4987-BE84-9600C2950584}
		{E25064D7-785C-4378-8BD2-64960676CE37} = {E25064D7-785C-4378-8BD2-64960676CE37}
		{F0047346-8806-491B-B63C-CC666BB2948D} = {F0047346-8806-491B-B63C-CC666BB2948D}
		{F457A4D9-07A8-4B81-BDA8-43D09BC9CD72} = {F457A4D9-07A8-4B81-BDA8-43D09BC9CD72}
		{F710E56A-DA36-46C7-AFA8-B6BE90058453} = {F710E56A-DA36-46C7-AFA8-B6BE90058453}
	EndProjectSection
EndProject
Project("{FAE04EC0-301F-11D3-BF4B-00C04F79EFBC}") = "LightningRevit_V2026", "LightningRevit_V2026\LightningRevit_V2026.csproj", "{1352C26A-09A3-4F7A-B948-A497402D8D34}"
EndProject
Project("{FAE04EC0-301F-11D3-BF4B-00C04F79EFBC}") = "Lightning", "..\Lightning\Lightning\Lightning.csproj", "{4616756D-8FB0-4158-9A89-ACF8FB85757D}"
EndProject
Global
	GlobalSection(SolutionConfigurationPlatforms) = preSolution
		Debug|x64 = Debug|x64
		Release|x64 = Release|x64
	EndGlobalSection
	GlobalSection(ProjectConfigurationPlatforms) = postSolution
		{CA195EC6-3283-4F48-B142-A6FA5FCF2997}.Debug|x64.ActiveCfg = Debug|x64
		{CA195EC6-3283-4F48-B142-A6FA5FCF2997}.Debug|x64.Build.0 = Debug|x64
		{CA195EC6-3283-4F48-B142-A6FA5FCF2997}.Release|x64.ActiveCfg = Release|x64
		{CA195EC6-3283-4F48-B142-A6FA5FCF2997}.Release|x64.Build.0 = Release|x64
		{D675EBE5-874C-4987-BE84-9600C2950584}.Debug|x64.ActiveCfg = Debug|x64
		{D675EBE5-874C-4987-BE84-9600C2950584}.Debug|x64.Build.0 = Debug|x64
		{D675EBE5-874C-4987-BE84-9600C2950584}.Release|x64.ActiveCfg = Release|x64
		{D675EBE5-874C-4987-BE84-9600C2950584}.Release|x64.Build.0 = Release|x64
		{E25064D7-785C-4378-8BD2-64960676CE37}.Debug|x64.ActiveCfg = Debug|x64
		{E25064D7-785C-4378-8BD2-64960676CE37}.Debug|x64.Build.0 = Debug|x64
		{E25064D7-785C-4378-8BD2-64960676CE37}.Release|x64.ActiveCfg = Release|x64
		{E25064D7-785C-4378-8BD2-64960676CE37}.Release|x64.Build.0 = Release|x64
		{0C291D56-E84F-4BB4-A5A5-B30071FA292D}.Debug|x64.ActiveCfg = Debug|x64
		{0C291D56-E84F-4BB4-A5A5-B30071FA292D}.Debug|x64.Build.0 = Debug|x64
		{0C291D56-E84F-4BB4-A5A5-B30071FA292D}.Release|x64.ActiveCfg = Release|x64
		{0C291D56-E84F-4BB4-A5A5-B30071FA292D}.Release|x64.Build.0 = Release|x64
		{39189CA5-F86F-4EC1-AE99-0271DB869FFA}.Debug|x64.ActiveCfg = Debug|x64
		{39189CA5-F86F-4EC1-AE99-0271DB869FFA}.Debug|x64.Build.0 = Debug|x64
		{39189CA5-F86F-4EC1-AE99-0271DB869FFA}.Release|x64.ActiveCfg = Release|x64
		{39189CA5-F86F-4EC1-AE99-0271DB869FFA}.Release|x64.Build.0 = Release|x64
		{0929E810-5601-493D-BA1C-3B8844AF00E1}.Debug|x64.ActiveCfg = Debug|x64
		{0929E810-5601-493D-BA1C-3B8844AF00E1}.Debug|x64.Build.0 = Debug|x64
		{0929E810-5601-493D-BA1C-3B8844AF00E1}.Release|x64.ActiveCfg = Release|x64
		{0929E810-5601-493D-BA1C-3B8844AF00E1}.Release|x64.Build.0 = Release|x64
		{F0047346-8806-491B-B63C-CC666BB2948D}.Debug|x64.ActiveCfg = Debug|x64
		{F0047346-8806-491B-B63C-CC666BB2948D}.Debug|x64.Build.0 = Debug|x64
		{F0047346-8806-491B-B63C-CC666BB2948D}.Release|x64.ActiveCfg = Release|x64
		{F0047346-8806-491B-B63C-CC666BB2948D}.Release|x64.Build.0 = Release|x64
		{F457A4D9-07A8-4B81-BDA8-43D09BC9CD72}.Debug|x64.ActiveCfg = Debug|x64
		{F457A4D9-07A8-4B81-BDA8-43D09BC9CD72}.Debug|x64.Build.0 = Debug|x64
		{F457A4D9-07A8-4B81-BDA8-43D09BC9CD72}.Release|x64.ActiveCfg = Release|x64
		{F457A4D9-07A8-4B81-BDA8-43D09BC9CD72}.Release|x64.Build.0 = Release|x64
		{F710E56A-DA36-46C7-AFA8-B6BE90058453}.Debug|x64.ActiveCfg = Debug|x64
		{F710E56A-DA36-46C7-AFA8-B6BE90058453}.Debug|x64.Build.0 = Debug|x64
		{F710E56A-DA36-46C7-AFA8-B6BE90058453}.Release|x64.ActiveCfg = Release|x64
		{F710E56A-DA36-46C7-AFA8-B6BE90058453}.Release|x64.Build.0 = Release|x64
		{1EC2E12E-72D5-4A29-B9BE-EA3DF5FBFD08}.Debug|x64.ActiveCfg = Debug|x64
		{1EC2E12E-72D5-4A29-B9BE-EA3DF5FBFD08}.Debug|x64.Build.0 = Debug|x64
		{1EC2E12E-72D5-4A29-B9BE-EA3DF5FBFD08}.Release|x64.ActiveCfg = Release|x64
		{1EC2E12E-72D5-4A29-B9BE-EA3DF5FBFD08}.Release|x64.Build.0 = Release|x64
		{1352C26A-09A3-4F7A-B948-A497402D8D34}.Debug|x64.ActiveCfg = Debug|x64
		{1352C26A-09A3-4F7A-B948-A497402D8D34}.Debug|x64.Build.0 = Debug|x64
		{1352C26A-09A3-4F7A-B948-A497402D8D34}.Release|x64.ActiveCfg = Release|x64
		{1352C26A-09A3-4F7A-B948-A497402D8D34}.Release|x64.Build.0 = Release|x64
		{4616756D-8FB0-4158-9A89-ACF8FB85757D}.Debug|x64.ActiveCfg = Debug|x64
		{4616756D-8FB0-4158-9A89-ACF8FB85757D}.Debug|x64.Build.0 = Debug|x64
		{4616756D-8FB0-4158-9A89-ACF8FB85757D}.Release|x64.ActiveCfg = Release|x64
		{4616756D-8FB0-4158-9A89-ACF8FB85757D}.Release|x64.Build.0 = Release|x64
	EndGlobalSection
	GlobalSection(SolutionProperties) = preSolution
		HideSolutionNode = FALSE
	EndGlobalSection
	GlobalSection(ExtensibilityGlobals) = postSolution
		SolutionGuid = {45D1759C-4750-4386-A9E0-38DF9E454156}
	EndGlobalSection
EndGlobal
